// !$*UTF8*$!
{
	archiveVersion = 1;
	classes = {
	};
	objectVersion = 50;
	objects = {

/* Begin PBXBuildFile section */
		044DFCB22113A0E000C03FB9 /* AppDelegate.swift in Sources */ = {isa = PBXBuildFile; fileRef = 044DFCB12113A0DF00C03FB9 /* AppDelegate.swift */; };
		044DFCB92113A0E100C03FB9 /* Assets.xcassets in Resources */ = {isa = PBXBuildFile; fileRef = 044DFCB82113A0E100C03FB9 /* Assets.xcassets */; };
		044DFCBC2113A0E100C03FB9 /* LaunchScreen.storyboard in Resources */ = {isa = PBXBuildFile; fileRef = 044DFCBA2113A0E100C03FB9 /* LaunchScreen.storyboard */; };
		044DFCC72113A0E100C03FB9 /* Marvel_comicsTests.swift in Sources */ = {isa = PBXBuildFile; fileRef = 044DFCC62113A0E100C03FB9 /* Marvel_comicsTests.swift */; };
		044DFCD22113A0E100C03FB9 /* Marvel_comicsUITests.swift in Sources */ = {isa = PBXBuildFile; fileRef = 044DFCD12113A0E100C03FB9 /* Marvel_comicsUITests.swift */; };
		044DFCEF2113A18C00C03FB9 /* MarvelRepository.swift in Sources */ = {isa = PBXBuildFile; fileRef = 044DFCEE2113A18C00C03FB9 /* MarvelRepository.swift */; };
		044DFCF12113A22400C03FB9 /* MarvelCharactersRepository.swift in Sources */ = {isa = PBXBuildFile; fileRef = 044DFCF02113A22400C03FB9 /* MarvelCharactersRepository.swift */; };
		044DFCF32113A23700C03FB9 /* CharacterRepository.swift in Sources */ = {isa = PBXBuildFile; fileRef = 044DFCF22113A23700C03FB9 /* CharacterRepository.swift */; };
		044DFCF52113A26D00C03FB9 /* MarvelCharacter.swift in Sources */ = {isa = PBXBuildFile; fileRef = 044DFCF42113A26D00C03FB9 /* MarvelCharacter.swift */; };
		044DFCF72113A71F00C03FB9 /* Marvel Keys.plist in Resources */ = {isa = PBXBuildFile; fileRef = 044DFCF62113A71F00C03FB9 /* Marvel Keys.plist */; };
		044DFCF92113A8E000C03FB9 /* Localizable.strings in Resources */ = {isa = PBXBuildFile; fileRef = 044DFCF82113A8E000C03FB9 /* Localizable.strings */; };
		049152562113B43A0054DB82 /* Alamofire.framework in Frameworks */ = {isa = PBXBuildFile; fileRef = 049152552113B43A0054DB82 /* Alamofire.framework */; };
		049152582113B43A0054DB82 /* CryptoSwift.framework in Frameworks */ = {isa = PBXBuildFile; fileRef = 049152572113B43A0054DB82 /* CryptoSwift.framework */; };
		0491525A2113B43A0054DB82 /* Kingfisher.framework in Frameworks */ = {isa = PBXBuildFile; fileRef = 049152592113B43A0054DB82 /* Kingfisher.framework */; };
		0491525C2113B43A0054DB82 /* ObjectMapper.framework in Frameworks */ = {isa = PBXBuildFile; fileRef = 0491525B2113B43A0054DB82 /* ObjectMapper.framework */; };
		0491525E2113B53E0054DB82 /* CharactersTableViewController.swift in Sources */ = {isa = PBXBuildFile; fileRef = 0491525D2113B53E0054DB82 /* CharactersTableViewController.swift */; };
		049152602113B55D0054DB82 /* CharacterDetailsViewController.swift in Sources */ = {isa = PBXBuildFile; fileRef = 0491525F2113B55D0054DB82 /* CharacterDetailsViewController.swift */; };
		049152622113B5920054DB82 /* CharacterPresenter.swift in Sources */ = {isa = PBXBuildFile; fileRef = 049152612113B5920054DB82 /* CharacterPresenter.swift */; };
		049152672113B6550054DB82 /* Main.storyboard in Resources */ = {isa = PBXBuildFile; fileRef = 049152662113B6550054DB82 /* Main.storyboard */; };
		0491526A2113B8AD0054DB82 /* BusyLoader.swift in Sources */ = {isa = PBXBuildFile; fileRef = 049152692113B8AD0054DB82 /* BusyLoader.swift */; };
		0491526D211469F50054DB82 /* CharacterTableViewCell.swift in Sources */ = {isa = PBXBuildFile; fileRef = 0491526C211469F50054DB82 /* CharacterTableViewCell.swift */; };
		049152762115C0660054DB82 /* CharacterDetailsCollectionViewCell.swift in Sources */ = {isa = PBXBuildFile; fileRef = 049152752115C0660054DB82 /* CharacterDetailsCollectionViewCell.swift */; };
		049152782115C4010054DB82 /* CharacterDetails.swift in Sources */ = {isa = PBXBuildFile; fileRef = 049152772115C4010054DB82 /* CharacterDetails.swift */; };
		049152802115E6C70054DB82 /* CharacterDetailsRepository.swift in Sources */ = {isa = PBXBuildFile; fileRef = 0491527F2115E6C70054DB82 /* CharacterDetailsRepository.swift */; };
		049152822115E8180054DB82 /* MarvelCharacterDetailsRepository.swift in Sources */ = {isa = PBXBuildFile; fileRef = 049152812115E8180054DB82 /* MarvelCharacterDetailsRepository.swift */; };
		049152842115EC030054DB82 /* CharacterDetailsPresenter.swift in Sources */ = {isa = PBXBuildFile; fileRef = 049152832115EC030054DB82 /* CharacterDetailsPresenter.swift */; };
		48B64B6151E52ABD50661522 /* Pods_Marvel_comics.framework in Frameworks */ = {isa = PBXBuildFile; fileRef = DFA0E87E9BF6E7D596C5F46E /* Pods_Marvel_comics.framework */; };
		CE52142317CC30746EBC8CDD /* Pods_Marvel_comicsUITests.framework in Frameworks */ = {isa = PBXBuildFile; fileRef = 5363E8C9BD6686C6336C8500 /* Pods_Marvel_comicsUITests.framework */; };
		F728F4BE871CC26EF197699E /* Pods_Marvel_comicsTests.framework in Frameworks */ = {isa = PBXBuildFile; fileRef = 0A1015AFBCED7F917FADBB7E /* Pods_Marvel_comicsTests.framework */; };
/* End PBXBuildFile section */

/* Begin PBXContainerItemProxy section */
		044DFCC32113A0E100C03FB9 /* PBXContainerItemProxy */ = {
			isa = PBXContainerItemProxy;
			containerPortal = 044DFCA62113A0DF00C03FB9 /* Project object */;
			proxyType = 1;
			remoteGlobalIDString = 044DFCAD2113A0DF00C03FB9;
			remoteInfo = "Marvel comics";
		};
		044DFCCE2113A0E100C03FB9 /* PBXContainerItemProxy */ = {
			isa = PBXContainerItemProxy;
			containerPortal = 044DFCA62113A0DF00C03FB9 /* Project object */;
			proxyType = 1;
			remoteGlobalIDString = 044DFCAD2113A0DF00C03FB9;
			remoteInfo = "Marvel comics";
		};
/* End PBXContainerItemProxy section */

/* Begin PBXFileReference section */
		044DFCAE2113A0DF00C03FB9 /* Marvel comics.app */ = {isa = PBXFileReference; explicitFileType = wrapper.application; includeInIndex = 0; path = "Marvel comics.app"; sourceTree = BUILT_PRODUCTS_DIR; };
		044DFCB12113A0DF00C03FB9 /* AppDelegate.swift */ = {isa = PBXFileReference; lastKnownFileType = sourcecode.swift; path = AppDelegate.swift; sourceTree = "<group>"; };
		044DFCB82113A0E100C03FB9 /* Assets.xcassets */ = {isa = PBXFileReference; lastKnownFileType = folder.assetcatalog; path = Assets.xcassets; sourceTree = "<group>"; };
		044DFCBB2113A0E100C03FB9 /* Base */ = {isa = PBXFileReference; lastKnownFileType = file.storyboard; name = Base; path = Base.lproj/LaunchScreen.storyboard; sourceTree = "<group>"; };
		044DFCBD2113A0E100C03FB9 /* Info.plist */ = {isa = PBXFileReference; lastKnownFileType = text.plist.xml; path = Info.plist; sourceTree = "<group>"; };
		044DFCC22113A0E100C03FB9 /* Marvel comicsTests.xctest */ = {isa = PBXFileReference; explicitFileType = wrapper.cfbundle; includeInIndex = 0; path = "Marvel comicsTests.xctest"; sourceTree = BUILT_PRODUCTS_DIR; };
		044DFCC62113A0E100C03FB9 /* Marvel_comicsTests.swift */ = {isa = PBXFileReference; lastKnownFileType = sourcecode.swift; path = Marvel_comicsTests.swift; sourceTree = "<group>"; };
		044DFCC82113A0E100C03FB9 /* Info.plist */ = {isa = PBXFileReference; lastKnownFileType = text.plist.xml; path = Info.plist; sourceTree = "<group>"; };
		044DFCCD2113A0E100C03FB9 /* Marvel comicsUITests.xctest */ = {isa = PBXFileReference; explicitFileType = wrapper.cfbundle; includeInIndex = 0; path = "Marvel comicsUITests.xctest"; sourceTree = BUILT_PRODUCTS_DIR; };
		044DFCD12113A0E100C03FB9 /* Marvel_comicsUITests.swift */ = {isa = PBXFileReference; lastKnownFileType = sourcecode.swift; path = Marvel_comicsUITests.swift; sourceTree = "<group>"; };
		044DFCD32113A0E100C03FB9 /* Info.plist */ = {isa = PBXFileReference; lastKnownFileType = text.plist.xml; path = Info.plist; sourceTree = "<group>"; };
		044DFCEE2113A18C00C03FB9 /* MarvelRepository.swift */ = {isa = PBXFileReference; lastKnownFileType = sourcecode.swift; path = MarvelRepository.swift; sourceTree = "<group>"; };
		044DFCF02113A22400C03FB9 /* MarvelCharactersRepository.swift */ = {isa = PBXFileReference; lastKnownFileType = sourcecode.swift; path = MarvelCharactersRepository.swift; sourceTree = "<group>"; };
		044DFCF22113A23700C03FB9 /* CharacterRepository.swift */ = {isa = PBXFileReference; lastKnownFileType = sourcecode.swift; path = CharacterRepository.swift; sourceTree = "<group>"; };
		044DFCF42113A26D00C03FB9 /* MarvelCharacter.swift */ = {isa = PBXFileReference; lastKnownFileType = sourcecode.swift; path = MarvelCharacter.swift; sourceTree = "<group>"; };
		044DFCF62113A71F00C03FB9 /* Marvel Keys.plist */ = {isa = PBXFileReference; lastKnownFileType = text.plist.xml; path = "Marvel Keys.plist"; sourceTree = "<group>"; };
		044DFCF82113A8E000C03FB9 /* Localizable.strings */ = {isa = PBXFileReference; fileEncoding = 4; lastKnownFileType = text.plist.strings; path = Localizable.strings; sourceTree = "<group>"; };
		049152552113B43A0054DB82 /* Alamofire.framework */ = {isa = PBXFileReference; explicitFileType = wrapper.framework; path = Alamofire.framework; sourceTree = BUILT_PRODUCTS_DIR; };
		049152572113B43A0054DB82 /* CryptoSwift.framework */ = {isa = PBXFileReference; explicitFileType = wrapper.framework; path = CryptoSwift.framework; sourceTree = BUILT_PRODUCTS_DIR; };
		049152592113B43A0054DB82 /* Kingfisher.framework */ = {isa = PBXFileReference; explicitFileType = wrapper.framework; path = Kingfisher.framework; sourceTree = BUILT_PRODUCTS_DIR; };
		0491525B2113B43A0054DB82 /* ObjectMapper.framework */ = {isa = PBXFileReference; explicitFileType = wrapper.framework; path = ObjectMapper.framework; sourceTree = BUILT_PRODUCTS_DIR; };
		0491525D2113B53E0054DB82 /* CharactersTableViewController.swift */ = {isa = PBXFileReference; lastKnownFileType = sourcecode.swift; path = CharactersTableViewController.swift; sourceTree = "<group>"; };
		0491525F2113B55D0054DB82 /* CharacterDetailsViewController.swift */ = {isa = PBXFileReference; lastKnownFileType = sourcecode.swift; path = CharacterDetailsViewController.swift; sourceTree = "<group>"; };
		049152612113B5920054DB82 /* CharacterPresenter.swift */ = {isa = PBXFileReference; lastKnownFileType = sourcecode.swift; path = CharacterPresenter.swift; sourceTree = "<group>"; };
		049152662113B6550054DB82 /* Main.storyboard */ = {isa = PBXFileReference; fileEncoding = 4; lastKnownFileType = file.storyboard; path = Main.storyboard; sourceTree = "<group>"; };
		049152692113B8AD0054DB82 /* BusyLoader.swift */ = {isa = PBXFileReference; fileEncoding = 4; lastKnownFileType = sourcecode.swift; path = BusyLoader.swift; sourceTree = "<group>"; };
		0491526C211469F50054DB82 /* CharacterTableViewCell.swift */ = {isa = PBXFileReference; lastKnownFileType = sourcecode.swift; path = CharacterTableViewCell.swift; sourceTree = "<group>"; };
		049152752115C0660054DB82 /* CharacterDetailsCollectionViewCell.swift */ = {isa = PBXFileReference; lastKnownFileType = sourcecode.swift; path = CharacterDetailsCollectionViewCell.swift; sourceTree = "<group>"; };
		049152772115C4010054DB82 /* CharacterDetails.swift */ = {isa = PBXFileReference; lastKnownFileType = sourcecode.swift; path = CharacterDetails.swift; sourceTree = "<group>"; };
		0491527F2115E6C70054DB82 /* CharacterDetailsRepository.swift */ = {isa = PBXFileReference; lastKnownFileType = sourcecode.swift; path = CharacterDetailsRepository.swift; sourceTree = "<group>"; };
		049152812115E8180054DB82 /* MarvelCharacterDetailsRepository.swift */ = {isa = PBXFileReference; lastKnownFileType = sourcecode.swift; path = MarvelCharacterDetailsRepository.swift; sourceTree = "<group>"; };
		049152832115EC030054DB82 /* CharacterDetailsPresenter.swift */ = {isa = PBXFileReference; lastKnownFileType = sourcecode.swift; path = CharacterDetailsPresenter.swift; sourceTree = "<group>"; };
		0A1015AFBCED7F917FADBB7E /* Pods_Marvel_comicsTests.framework */ = {isa = PBXFileReference; explicitFileType = wrapper.framework; includeInIndex = 0; path = Pods_Marvel_comicsTests.framework; sourceTree = BUILT_PRODUCTS_DIR; };
		34756EB8F935D3B905E82682 /* Pods-Marvel comicsUITests.debug.xcconfig */ = {isa = PBXFileReference; includeInIndex = 1; lastKnownFileType = text.xcconfig; name = "Pods-Marvel comicsUITests.debug.xcconfig"; path = "Pods/Target Support Files/Pods-Marvel comicsUITests/Pods-Marvel comicsUITests.debug.xcconfig"; sourceTree = "<group>"; };
		44DDCAEC853462994DC75581 /* Pods-Marvel comics.release.xcconfig */ = {isa = PBXFileReference; includeInIndex = 1; lastKnownFileType = text.xcconfig; name = "Pods-Marvel comics.release.xcconfig"; path = "Pods/Target Support Files/Pods-Marvel comics/Pods-Marvel comics.release.xcconfig"; sourceTree = "<group>"; };
		4D58AA7311F186EF0190EC20 /* Pods-Marvel comics.debug.xcconfig */ = {isa = PBXFileReference; includeInIndex = 1; lastKnownFileType = text.xcconfig; name = "Pods-Marvel comics.debug.xcconfig"; path = "Pods/Target Support Files/Pods-Marvel comics/Pods-Marvel comics.debug.xcconfig"; sourceTree = "<group>"; };
		5363E8C9BD6686C6336C8500 /* Pods_Marvel_comicsUITests.framework */ = {isa = PBXFileReference; explicitFileType = wrapper.framework; includeInIndex = 0; path = Pods_Marvel_comicsUITests.framework; sourceTree = BUILT_PRODUCTS_DIR; };
		6B27820F5BF649E211EC0117 /* Pods-Marvel comicsUITests.release.xcconfig */ = {isa = PBXFileReference; includeInIndex = 1; lastKnownFileType = text.xcconfig; name = "Pods-Marvel comicsUITests.release.xcconfig"; path = "Pods/Target Support Files/Pods-Marvel comicsUITests/Pods-Marvel comicsUITests.release.xcconfig"; sourceTree = "<group>"; };
		839D71C0179E83918E90EC73 /* Pods-Marvel comicsTests.release.xcconfig */ = {isa = PBXFileReference; includeInIndex = 1; lastKnownFileType = text.xcconfig; name = "Pods-Marvel comicsTests.release.xcconfig"; path = "Pods/Target Support Files/Pods-Marvel comicsTests/Pods-Marvel comicsTests.release.xcconfig"; sourceTree = "<group>"; };
		9602BF96D4FC5A0E30D78483 /* Pods-Marvel comicsTests.debug.xcconfig */ = {isa = PBXFileReference; includeInIndex = 1; lastKnownFileType = text.xcconfig; name = "Pods-Marvel comicsTests.debug.xcconfig"; path = "Pods/Target Support Files/Pods-Marvel comicsTests/Pods-Marvel comicsTests.debug.xcconfig"; sourceTree = "<group>"; };
		DFA0E87E9BF6E7D596C5F46E /* Pods_Marvel_comics.framework */ = {isa = PBXFileReference; explicitFileType = wrapper.framework; includeInIndex = 0; path = Pods_Marvel_comics.framework; sourceTree = BUILT_PRODUCTS_DIR; };
/* End PBXFileReference section */

/* Begin PBXFrameworksBuildPhase section */
		044DFCAB2113A0DF00C03FB9 /* Frameworks */ = {
			isa = PBXFrameworksBuildPhase;
			buildActionMask = 2147483647;
			files = (
				049152562113B43A0054DB82 /* Alamofire.framework in Frameworks */,
				049152582113B43A0054DB82 /* CryptoSwift.framework in Frameworks */,
				0491525A2113B43A0054DB82 /* Kingfisher.framework in Frameworks */,
				0491525C2113B43A0054DB82 /* ObjectMapper.framework in Frameworks */,
				48B64B6151E52ABD50661522 /* Pods_Marvel_comics.framework in Frameworks */,
			);
			runOnlyForDeploymentPostprocessing = 0;
		};
		044DFCBF2113A0E100C03FB9 /* Frameworks */ = {
			isa = PBXFrameworksBuildPhase;
			buildActionMask = 2147483647;
			files = (
				F728F4BE871CC26EF197699E /* Pods_Marvel_comicsTests.framework in Frameworks */,
			);
			runOnlyForDeploymentPostprocessing = 0;
		};
		044DFCCA2113A0E100C03FB9 /* Frameworks */ = {
			isa = PBXFrameworksBuildPhase;
			buildActionMask = 2147483647;
			files = (
				CE52142317CC30746EBC8CDD /* Pods_Marvel_comicsUITests.framework in Frameworks */,
			);
			runOnlyForDeploymentPostprocessing = 0;
		};
/* End PBXFrameworksBuildPhase section */

/* Begin PBXGroup section */
		044DFCA52113A0DF00C03FB9 = {
			isa = PBXGroup;
			children = (
				044DFCB02113A0DF00C03FB9 /* Marvel comics */,
				044DFCC52113A0E100C03FB9 /* Marvel comicsTests */,
				044DFCD02113A0E100C03FB9 /* Marvel comicsUITests */,
				044DFCAF2113A0DF00C03FB9 /* Products */,
				8AE854269EB7EB1C4479CADD /* Pods */,
				183808062BAFB02FD58C36E8 /* Frameworks */,
			);
			sourceTree = "<group>";
		};
		044DFCAF2113A0DF00C03FB9 /* Products */ = {
			isa = PBXGroup;
			children = (
				044DFCAE2113A0DF00C03FB9 /* Marvel comics.app */,
				044DFCC22113A0E100C03FB9 /* Marvel comicsTests.xctest */,
				044DFCCD2113A0E100C03FB9 /* Marvel comicsUITests.xctest */,
			);
			name = Products;
			sourceTree = "<group>";
		};
		044DFCB02113A0DF00C03FB9 /* Marvel comics */ = {
			isa = PBXGroup;
			children = (
				049152742115C0290054DB82 /* Collection view cells */,
				0491526B211469CA0054DB82 /* Table view cells */,
				049152682113B89C0054DB82 /* Utilities */,
				044DFCED2113A13E00C03FB9 /* Models */,
				044DFCEC2113A13200C03FB9 /* Repositories */,
				044DFCEB2113A12C00C03FB9 /* Presenters */,
				044DFCEA2113A12500C03FB9 /* View Controllers */,
				044DFCE92113A11D00C03FB9 /* Views */,
				044DFCB12113A0DF00C03FB9 /* AppDelegate.swift */,
				044DFCB82113A0E100C03FB9 /* Assets.xcassets */,
				044DFCBA2113A0E100C03FB9 /* LaunchScreen.storyboard */,
				044DFCBD2113A0E100C03FB9 /* Info.plist */,
				044DFCF62113A71F00C03FB9 /* Marvel Keys.plist */,
				044DFCF82113A8E000C03FB9 /* Localizable.strings */,
			);
			path = "Marvel comics";
			sourceTree = "<group>";
		};
		044DFCC52113A0E100C03FB9 /* Marvel comicsTests */ = {
			isa = PBXGroup;
			children = (
				044DFCC62113A0E100C03FB9 /* Marvel_comicsTests.swift */,
				044DFCC82113A0E100C03FB9 /* Info.plist */,
			);
			path = "Marvel comicsTests";
			sourceTree = "<group>";
		};
		044DFCD02113A0E100C03FB9 /* Marvel comicsUITests */ = {
			isa = PBXGroup;
			children = (
				044DFCD12113A0E100C03FB9 /* Marvel_comicsUITests.swift */,
				044DFCD32113A0E100C03FB9 /* Info.plist */,
			);
			path = "Marvel comicsUITests";
			sourceTree = "<group>";
		};
		044DFCE92113A11D00C03FB9 /* Views */ = {
			isa = PBXGroup;
			children = (
				049152662113B6550054DB82 /* Main.storyboard */,
			);
			path = Views;
			sourceTree = "<group>";
		};
		044DFCEA2113A12500C03FB9 /* View Controllers */ = {
			isa = PBXGroup;
			children = (
				0491525D2113B53E0054DB82 /* CharactersTableViewController.swift */,
				0491525F2113B55D0054DB82 /* CharacterDetailsViewController.swift */,
			);
			path = "View Controllers";
			sourceTree = "<group>";
		};
		044DFCEB2113A12C00C03FB9 /* Presenters */ = {
			isa = PBXGroup;
			children = (
				049152612113B5920054DB82 /* CharacterPresenter.swift */,
				049152832115EC030054DB82 /* CharacterDetailsPresenter.swift */,
			);
			path = Presenters;
			sourceTree = "<group>";
		};
		044DFCEC2113A13200C03FB9 /* Repositories */ = {
			isa = PBXGroup;
			children = (
				044DFCEE2113A18C00C03FB9 /* MarvelRepository.swift */,
				044DFCF02113A22400C03FB9 /* MarvelCharactersRepository.swift */,
				044DFCF22113A23700C03FB9 /* CharacterRepository.swift */,
				0491527F2115E6C70054DB82 /* CharacterDetailsRepository.swift */,
				049152812115E8180054DB82 /* MarvelCharacterDetailsRepository.swift */,
			);
			path = Repositories;
			sourceTree = "<group>";
		};
		044DFCED2113A13E00C03FB9 /* Models */ = {
			isa = PBXGroup;
			children = (
				044DFCF42113A26D00C03FB9 /* MarvelCharacter.swift */,
				049152772115C4010054DB82 /* CharacterDetails.swift */,
			);
			path = Models;
			sourceTree = "<group>";
		};
		049152682113B89C0054DB82 /* Utilities */ = {
			isa = PBXGroup;
			children = (
				049152692113B8AD0054DB82 /* BusyLoader.swift */,
			);
			path = Utilities;
			sourceTree = "<group>";
		};
		0491526B211469CA0054DB82 /* Table view cells */ = {
			isa = PBXGroup;
			children = (
				0491526C211469F50054DB82 /* CharacterTableViewCell.swift */,
			);
			path = "Table view cells";
			sourceTree = "<group>";
		};
		049152742115C0290054DB82 /* Collection view cells */ = {
			isa = PBXGroup;
			children = (
				049152752115C0660054DB82 /* CharacterDetailsCollectionViewCell.swift */,
			);
			path = "Collection view cells";
			sourceTree = "<group>";
		};
		183808062BAFB02FD58C36E8 /* Frameworks */ = {
			isa = PBXGroup;
			children = (
				049152552113B43A0054DB82 /* Alamofire.framework */,
				049152572113B43A0054DB82 /* CryptoSwift.framework */,
				049152592113B43A0054DB82 /* Kingfisher.framework */,
				0491525B2113B43A0054DB82 /* ObjectMapper.framework */,
				DFA0E87E9BF6E7D596C5F46E /* Pods_Marvel_comics.framework */,
				0A1015AFBCED7F917FADBB7E /* Pods_Marvel_comicsTests.framework */,
				5363E8C9BD6686C6336C8500 /* Pods_Marvel_comicsUITests.framework */,
			);
			name = Frameworks;
			sourceTree = "<group>";
		};
		8AE854269EB7EB1C4479CADD /* Pods */ = {
			isa = PBXGroup;
			children = (
				4D58AA7311F186EF0190EC20 /* Pods-Marvel comics.debug.xcconfig */,
				44DDCAEC853462994DC75581 /* Pods-Marvel comics.release.xcconfig */,
				9602BF96D4FC5A0E30D78483 /* Pods-Marvel comicsTests.debug.xcconfig */,
				839D71C0179E83918E90EC73 /* Pods-Marvel comicsTests.release.xcconfig */,
				34756EB8F935D3B905E82682 /* Pods-Marvel comicsUITests.debug.xcconfig */,
				6B27820F5BF649E211EC0117 /* Pods-Marvel comicsUITests.release.xcconfig */,
			);
			name = Pods;
			sourceTree = "<group>";
		};
/* End PBXGroup section */

/* Begin PBXNativeTarget section */
		044DFCAD2113A0DF00C03FB9 /* Marvel comics */ = {
			isa = PBXNativeTarget;
			buildConfigurationList = 044DFCD62113A0E100C03FB9 /* Build configuration list for PBXNativeTarget "Marvel comics" */;
			buildPhases = (
				A3863BE5532581885538B239 /* [CP] Check Pods Manifest.lock */,
				044DFCAA2113A0DF00C03FB9 /* Sources */,
				044DFCAB2113A0DF00C03FB9 /* Frameworks */,
				044DFCAC2113A0DF00C03FB9 /* Resources */,
				AC89FB5034C168CA1C3943D8 /* [CP] Embed Pods Frameworks */,
			);
			buildRules = (
			);
			dependencies = (
			);
			name = "Marvel comics";
			productName = "Marvel comics";
			productReference = 044DFCAE2113A0DF00C03FB9 /* Marvel comics.app */;
			productType = "com.apple.product-type.application";
		};
		044DFCC12113A0E100C03FB9 /* Marvel comicsTests */ = {
			isa = PBXNativeTarget;
			buildConfigurationList = 044DFCD92113A0E100C03FB9 /* Build configuration list for PBXNativeTarget "Marvel comicsTests" */;
			buildPhases = (
				64EFB30F305B6EAD3A33835C /* [CP] Check Pods Manifest.lock */,
				044DFCBE2113A0E100C03FB9 /* Sources */,
				044DFCBF2113A0E100C03FB9 /* Frameworks */,
				044DFCC02113A0E100C03FB9 /* Resources */,
			);
			buildRules = (
			);
			dependencies = (
				044DFCC42113A0E100C03FB9 /* PBXTargetDependency */,
			);
			name = "Marvel comicsTests";
			productName = "Marvel comicsTests";
			productReference = 044DFCC22113A0E100C03FB9 /* Marvel comicsTests.xctest */;
			productType = "com.apple.product-type.bundle.unit-test";
		};
		044DFCCC2113A0E100C03FB9 /* Marvel comicsUITests */ = {
			isa = PBXNativeTarget;
			buildConfigurationList = 044DFCDC2113A0E100C03FB9 /* Build configuration list for PBXNativeTarget "Marvel comicsUITests" */;
			buildPhases = (
				CC9C345EC421668F30FABCEC /* [CP] Check Pods Manifest.lock */,
				044DFCC92113A0E100C03FB9 /* Sources */,
				044DFCCA2113A0E100C03FB9 /* Frameworks */,
				044DFCCB2113A0E100C03FB9 /* Resources */,
			);
			buildRules = (
			);
			dependencies = (
				044DFCCF2113A0E100C03FB9 /* PBXTargetDependency */,
			);
			name = "Marvel comicsUITests";
			productName = "Marvel comicsUITests";
			productReference = 044DFCCD2113A0E100C03FB9 /* Marvel comicsUITests.xctest */;
			productType = "com.apple.product-type.bundle.ui-testing";
		};
/* End PBXNativeTarget section */

/* Begin PBXProject section */
		044DFCA62113A0DF00C03FB9 /* Project object */ = {
			isa = PBXProject;
			attributes = {
				LastSwiftUpdateCheck = 0940;
				LastUpgradeCheck = 0940;
				ORGANIZATIONNAME = "Hesham Ali";
				TargetAttributes = {
					044DFCAD2113A0DF00C03FB9 = {
						CreatedOnToolsVersion = 9.4.1;
					};
					044DFCC12113A0E100C03FB9 = {
						CreatedOnToolsVersion = 9.4.1;
						TestTargetID = 044DFCAD2113A0DF00C03FB9;
					};
					044DFCCC2113A0E100C03FB9 = {
						CreatedOnToolsVersion = 9.4.1;
						TestTargetID = 044DFCAD2113A0DF00C03FB9;
					};
				};
			};
			buildConfigurationList = 044DFCA92113A0DF00C03FB9 /* Build configuration list for PBXProject "Marvel comics" */;
			compatibilityVersion = "Xcode 9.3";
			developmentRegion = en;
			hasScannedForEncodings = 0;
			knownRegions = (
				en,
				Base,
			);
			mainGroup = 044DFCA52113A0DF00C03FB9;
			productRefGroup = 044DFCAF2113A0DF00C03FB9 /* Products */;
			projectDirPath = "";
			projectRoot = "";
			targets = (
				044DFCAD2113A0DF00C03FB9 /* Marvel comics */,
				044DFCC12113A0E100C03FB9 /* Marvel comicsTests */,
				044DFCCC2113A0E100C03FB9 /* Marvel comicsUITests */,
			);
		};
/* End PBXProject section */

/* Begin PBXResourcesBuildPhase section */
		044DFCAC2113A0DF00C03FB9 /* Resources */ = {
			isa = PBXResourcesBuildPhase;
			buildActionMask = 2147483647;
			files = (
				044DFCF92113A8E000C03FB9 /* Localizable.strings in Resources */,
				049152672113B6550054DB82 /* Main.storyboard in Resources */,
				044DFCBC2113A0E100C03FB9 /* LaunchScreen.storyboard in Resources */,
				044DFCB92113A0E100C03FB9 /* Assets.xcassets in Resources */,
				044DFCF72113A71F00C03FB9 /* Marvel Keys.plist in Resources */,
			);
			runOnlyForDeploymentPostprocessing = 0;
		};
		044DFCC02113A0E100C03FB9 /* Resources */ = {
			isa = PBXResourcesBuildPhase;
			buildActionMask = 2147483647;
			files = (
			);
			runOnlyForDeploymentPostprocessing = 0;
		};
		044DFCCB2113A0E100C03FB9 /* Resources */ = {
			isa = PBXResourcesBuildPhase;
			buildActionMask = 2147483647;
			files = (
			);
			runOnlyForDeploymentPostprocessing = 0;
		};
/* End PBXResourcesBuildPhase section */

/* Begin PBXShellScriptBuildPhase section */
		64EFB30F305B6EAD3A33835C /* [CP] Check Pods Manifest.lock */ = {
			isa = PBXShellScriptBuildPhase;
			buildActionMask = 2147483647;
			files = (
			);
			inputPaths = (
				"${PODS_PODFILE_DIR_PATH}/Podfile.lock",
				"${PODS_ROOT}/Manifest.lock",
			);
			name = "[CP] Check Pods Manifest.lock";
			outputPaths = (
				"$(DERIVED_FILE_DIR)/Pods-Marvel comicsTests-checkManifestLockResult.txt",
			);
			runOnlyForDeploymentPostprocessing = 0;
			shellPath = /bin/sh;
			shellScript = "diff \"${PODS_PODFILE_DIR_PATH}/Podfile.lock\" \"${PODS_ROOT}/Manifest.lock\" > /dev/null\nif [ $? != 0 ] ; then\n    # print error to STDERR\n    echo \"error: The sandbox is not in sync with the Podfile.lock. Run 'pod install' or update your CocoaPods installation.\" >&2\n    exit 1\nfi\n# This output is used by Xcode 'outputs' to avoid re-running this script phase.\necho \"SUCCESS\" > \"${SCRIPT_OUTPUT_FILE_0}\"\n";
			showEnvVarsInLog = 0;
		};
		A3863BE5532581885538B239 /* [CP] Check Pods Manifest.lock */ = {
			isa = PBXShellScriptBuildPhase;
			buildActionMask = 2147483647;
			files = (
			);
			inputPaths = (
				"${PODS_PODFILE_DIR_PATH}/Podfile.lock",
				"${PODS_ROOT}/Manifest.lock",
			);
			name = "[CP] Check Pods Manifest.lock";
			outputPaths = (
				"$(DERIVED_FILE_DIR)/Pods-Marvel comics-checkManifestLockResult.txt",
			);
			runOnlyForDeploymentPostprocessing = 0;
			shellPath = /bin/sh;
			shellScript = "diff \"${PODS_PODFILE_DIR_PATH}/Podfile.lock\" \"${PODS_ROOT}/Manifest.lock\" > /dev/null\nif [ $? != 0 ] ; then\n    # print error to STDERR\n    echo \"error: The sandbox is not in sync with the Podfile.lock. Run 'pod install' or update your CocoaPods installation.\" >&2\n    exit 1\nfi\n# This output is used by Xcode 'outputs' to avoid re-running this script phase.\necho \"SUCCESS\" > \"${SCRIPT_OUTPUT_FILE_0}\"\n";
			showEnvVarsInLog = 0;
		};
		AC89FB5034C168CA1C3943D8 /* [CP] Embed Pods Frameworks */ = {
			isa = PBXShellScriptBuildPhase;
			buildActionMask = 2147483647;
			files = (
			);
			inputPaths = (
				"${SRCROOT}/Pods/Target Support Files/Pods-Marvel comics/Pods-Marvel comics-frameworks.sh",
				"${BUILT_PRODUCTS_DIR}/Alamofire/Alamofire.framework",
				"${BUILT_PRODUCTS_DIR}/CryptoSwift/CryptoSwift.framework",
				"${BUILT_PRODUCTS_DIR}/Kingfisher/Kingfisher.framework",
				"${BUILT_PRODUCTS_DIR}/ObjectMapper/ObjectMapper.framework",
			);
			name = "[CP] Embed Pods Frameworks";
			outputPaths = (
				"${TARGET_BUILD_DIR}/${FRAMEWORKS_FOLDER_PATH}/Alamofire.framework",
				"${TARGET_BUILD_DIR}/${FRAMEWORKS_FOLDER_PATH}/CryptoSwift.framework",
				"${TARGET_BUILD_DIR}/${FRAMEWORKS_FOLDER_PATH}/Kingfisher.framework",
				"${TARGET_BUILD_DIR}/${FRAMEWORKS_FOLDER_PATH}/ObjectMapper.framework",
			);
			runOnlyForDeploymentPostprocessing = 0;
			shellPath = /bin/sh;
			shellScript = "\"${SRCROOT}/Pods/Target Support Files/Pods-Marvel comics/Pods-Marvel comics-frameworks.sh\"\n";
			showEnvVarsInLog = 0;
		};
		CC9C345EC421668F30FABCEC /* [CP] Check Pods Manifest.lock */ = {
			isa = PBXShellScriptBuildPhase;
			buildActionMask = 2147483647;
			files = (
			);
			inputPaths = (
				"${PODS_PODFILE_DIR_PATH}/Podfile.lock",
				"${PODS_ROOT}/Manifest.lock",
			);
			name = "[CP] Check Pods Manifest.lock";
			outputPaths = (
				"$(DERIVED_FILE_DIR)/Pods-Marvel comicsUITests-checkManifestLockResult.txt",
			);
			runOnlyForDeploymentPostprocessing = 0;
			shellPath = /bin/sh;
			shellScript = "diff \"${PODS_PODFILE_DIR_PATH}/Podfile.lock\" \"${PODS_ROOT}/Manifest.lock\" > /dev/null\nif [ $? != 0 ] ; then\n    # print error to STDERR\n    echo \"error: The sandbox is not in sync with the Podfile.lock. Run 'pod install' or update your CocoaPods installation.\" >&2\n    exit 1\nfi\n# This output is used by Xcode 'outputs' to avoid re-running this script phase.\necho \"SUCCESS\" > \"${SCRIPT_OUTPUT_FILE_0}\"\n";
			showEnvVarsInLog = 0;
		};
/* End PBXShellScriptBuildPhase section */

/* Begin PBXSourcesBuildPhase section */
		044DFCAA2113A0DF00C03FB9 /* Sources */ = {
			isa = PBXSourcesBuildPhase;
			buildActionMask = 2147483647;
			files = (
				044DFCF12113A22400C03FB9 /* MarvelCharactersRepository.swift in Sources */,
				049152602113B55D0054DB82 /* CharacterDetailsViewController.swift in Sources */,
				049152782115C4010054DB82 /* CharacterDetails.swift in Sources */,
				0491526A2113B8AD0054DB82 /* BusyLoader.swift in Sources */,
				049152842115EC030054DB82 /* CharacterDetailsPresenter.swift in Sources */,
				049152622113B5920054DB82 /* CharacterPresenter.swift in Sources */,
				0491525E2113B53E0054DB82 /* CharactersTableViewController.swift in Sources */,
				044DFCF52113A26D00C03FB9 /* MarvelCharacter.swift in Sources */,
				044DFCB22113A0E000C03FB9 /* AppDelegate.swift in Sources */,
				049152762115C0660054DB82 /* CharacterDetailsCollectionViewCell.swift in Sources */,
				0491526D211469F50054DB82 /* CharacterTableViewCell.swift in Sources */,
				049152822115E8180054DB82 /* MarvelCharacterDetailsRepository.swift in Sources */,
				044DFCEF2113A18C00C03FB9 /* MarvelRepository.swift in Sources */,
				049152802115E6C70054DB82 /* CharacterDetailsRepository.swift in Sources */,
				044DFCF32113A23700C03FB9 /* CharacterRepository.swift in Sources */,
			);
			runOnlyForDeploymentPostprocessing = 0;
		};
		044DFCBE2113A0E100C03FB9 /* Sources */ = {
			isa = PBXSourcesBuildPhase;
			buildActionMask = 2147483647;
			files = (
				044DFCC72113A0E100C03FB9 /* Marvel_comicsTests.swift in Sources */,
			);
			runOnlyForDeploymentPostprocessing = 0;
		};
		044DFCC92113A0E100C03FB9 /* Sources */ = {
			isa = PBXSourcesBuildPhase;
			buildActionMask = 2147483647;
			files = (
				044DFCD22113A0E100C03FB9 /* Marvel_comicsUITests.swift in Sources */,
			);
			runOnlyForDeploymentPostprocessing = 0;
		};
/* End PBXSourcesBuildPhase section */

/* Begin PBXTargetDependency section */
		044DFCC42113A0E100C03FB9 /* PBXTargetDependency */ = {
			isa = PBXTargetDependency;
			target = 044DFCAD2113A0DF00C03FB9 /* Marvel comics */;
			targetProxy = 044DFCC32113A0E100C03FB9 /* PBXContainerItemProxy */;
		};
		044DFCCF2113A0E100C03FB9 /* PBXTargetDependency */ = {
			isa = PBXTargetDependency;
			target = 044DFCAD2113A0DF00C03FB9 /* Marvel comics */;
			targetProxy = 044DFCCE2113A0E100C03FB9 /* PBXContainerItemProxy */;
		};
/* End PBXTargetDependency section */

/* Begin PBXVariantGroup section */
		044DFCBA2113A0E100C03FB9 /* LaunchScreen.storyboard */ = {
			isa = PBXVariantGroup;
			children = (
				044DFCBB2113A0E100C03FB9 /* Base */,
			);
			name = LaunchScreen.storyboard;
			sourceTree = "<group>";
		};
/* End PBXVariantGroup section */

/* Begin XCBuildConfiguration section */
		044DFCD42113A0E100C03FB9 /* Debug */ = {
			isa = XCBuildConfiguration;
			buildSettings = {
				ALWAYS_SEARCH_USER_PATHS = NO;
				CLANG_ANALYZER_NONNULL = YES;
				CLANG_ANALYZER_NUMBER_OBJECT_CONVERSION = YES_AGGRESSIVE;
				CLANG_CXX_LANGUAGE_STANDARD = "gnu++14";
				CLANG_CXX_LIBRARY = "libc++";
				CLANG_ENABLE_MODULES = YES;
				CLANG_ENABLE_OBJC_ARC = YES;
				CLANG_ENABLE_OBJC_WEAK = YES;
				CLANG_WARN_BLOCK_CAPTURE_AUTORELEASING = YES;
				CLANG_WARN_BOOL_CONVERSION = YES;
				CLANG_WARN_COMMA = YES;
				CLANG_WARN_CONSTANT_CONVERSION = YES;
				CLANG_WARN_DEPRECATED_OBJC_IMPLEMENTATIONS = YES;
				CLANG_WARN_DIRECT_OBJC_ISA_USAGE = YES_ERROR;
				CLANG_WARN_DOCUMENTATION_COMMENTS = YES;
				CLANG_WARN_EMPTY_BODY = YES;
				CLANG_WARN_ENUM_CONVERSION = YES;
				CLANG_WARN_INFINITE_RECURSION = YES;
				CLANG_WARN_INT_CONVERSION = YES;
				CLANG_WARN_NON_LITERAL_NULL_CONVERSION = YES;
				CLANG_WARN_OBJC_IMPLICIT_RETAIN_SELF = YES;
				CLANG_WARN_OBJC_LITERAL_CONVERSION = YES;
				CLANG_WARN_OBJC_ROOT_CLASS = YES_ERROR;
				CLANG_WARN_RANGE_LOOP_ANALYSIS = YES;
				CLANG_WARN_STRICT_PROTOTYPES = YES;
				CLANG_WARN_SUSPICIOUS_MOVE = YES;
				CLANG_WARN_UNGUARDED_AVAILABILITY = YES_AGGRESSIVE;
				CLANG_WARN_UNREACHABLE_CODE = YES;
				CLANG_WARN__DUPLICATE_METHOD_MATCH = YES;
				CODE_SIGN_IDENTITY = "iPhone Developer";
				COPY_PHASE_STRIP = NO;
				DEBUG_INFORMATION_FORMAT = dwarf;
				ENABLE_STRICT_OBJC_MSGSEND = YES;
				ENABLE_TESTABILITY = YES;
				GCC_C_LANGUAGE_STANDARD = gnu11;
				GCC_DYNAMIC_NO_PIC = NO;
				GCC_NO_COMMON_BLOCKS = YES;
				GCC_OPTIMIZATION_LEVEL = 0;
				GCC_PREPROCESSOR_DEFINITIONS = (
					"DEBUG=1",
					"$(inherited)",
				);
				GCC_WARN_64_TO_32_BIT_CONVERSION = YES;
				GCC_WARN_ABOUT_RETURN_TYPE = YES_ERROR;
				GCC_WARN_UNDECLARED_SELECTOR = YES;
				GCC_WARN_UNINITIALIZED_AUTOS = YES_AGGRESSIVE;
				GCC_WARN_UNUSED_FUNCTION = YES;
				GCC_WARN_UNUSED_VARIABLE = YES;
				IPHONEOS_DEPLOYMENT_TARGET = 11.4;
				MTL_ENABLE_DEBUG_INFO = YES;
				ONLY_ACTIVE_ARCH = YES;
				SDKROOT = iphoneos;
				SWIFT_ACTIVE_COMPILATION_CONDITIONS = DEBUG;
				SWIFT_OPTIMIZATION_LEVEL = "-Onone";
			};
			name = Debug;
		};
		044DFCD52113A0E100C03FB9 /* Release */ = {
			isa = XCBuildConfiguration;
			buildSettings = {
				ALWAYS_SEARCH_USER_PATHS = NO;
				CLANG_ANALYZER_NONNULL = YES;
				CLANG_ANALYZER_NUMBER_OBJECT_CONVERSION = YES_AGGRESSIVE;
				CLANG_CXX_LANGUAGE_STANDARD = "gnu++14";
				CLANG_CXX_LIBRARY = "libc++";
				CLANG_ENABLE_MODULES = YES;
				CLANG_ENABLE_OBJC_ARC = YES;
				CLANG_ENABLE_OBJC_WEAK = YES;
				CLANG_WARN_BLOCK_CAPTURE_AUTORELEASING = YES;
				CLANG_WARN_BOOL_CONVERSION = YES;
				CLANG_WARN_COMMA = YES;
				CLANG_WARN_CONSTANT_CONVERSION = YES;
				CLANG_WARN_DEPRECATED_OBJC_IMPLEMENTATIONS = YES;
				CLANG_WARN_DIRECT_OBJC_ISA_USAGE = YES_ERROR;
				CLANG_WARN_DOCUMENTATION_COMMENTS = YES;
				CLANG_WARN_EMPTY_BODY = YES;
				CLANG_WARN_ENUM_CONVERSION = YES;
				CLANG_WARN_INFINITE_RECURSION = YES;
				CLANG_WARN_INT_CONVERSION = YES;
				CLANG_WARN_NON_LITERAL_NULL_CONVERSION = YES;
				CLANG_WARN_OBJC_IMPLICIT_RETAIN_SELF = YES;
				CLANG_WARN_OBJC_LITERAL_CONVERSION = YES;
				CLANG_WARN_OBJC_ROOT_CLASS = YES_ERROR;
				CLANG_WARN_RANGE_LOOP_ANALYSIS = YES;
				CLANG_WARN_STRICT_PROTOTYPES = YES;
				CLANG_WARN_SUSPICIOUS_MOVE = YES;
				CLANG_WARN_UNGUARDED_AVAILABILITY = YES_AGGRESSIVE;
				CLANG_WARN_UNREACHABLE_CODE = YES;
				CLANG_WARN__DUPLICATE_METHOD_MATCH = YES;
				CODE_SIGN_IDENTITY = "iPhone Developer";
				COPY_PHASE_STRIP = NO;
				DEBUG_INFORMATION_FORMAT = "dwarf-with-dsym";
				ENABLE_NS_ASSERTIONS = NO;
				ENABLE_STRICT_OBJC_MSGSEND = YES;
				GCC_C_LANGUAGE_STANDARD = gnu11;
				GCC_NO_COMMON_BLOCKS = YES;
				GCC_WARN_64_TO_32_BIT_CONVERSION = YES;
				GCC_WARN_ABOUT_RETURN_TYPE = YES_ERROR;
				GCC_WARN_UNDECLARED_SELECTOR = YES;
				GCC_WARN_UNINITIALIZED_AUTOS = YES_AGGRESSIVE;
				GCC_WARN_UNUSED_FUNCTION = YES;
				GCC_WARN_UNUSED_VARIABLE = YES;
				IPHONEOS_DEPLOYMENT_TARGET = 11.4;
				MTL_ENABLE_DEBUG_INFO = NO;
				SDKROOT = iphoneos;
				SWIFT_COMPILATION_MODE = wholemodule;
				SWIFT_OPTIMIZATION_LEVEL = "-O";
				VALIDATE_PRODUCT = YES;
			};
			name = Release;
		};
		044DFCD72113A0E100C03FB9 /* Debug */ = {
			isa = XCBuildConfiguration;
			baseConfigurationReference = 4D58AA7311F186EF0190EC20 /* Pods-Marvel comics.debug.xcconfig */;
			buildSettings = {
				ASSETCATALOG_COMPILER_APPICON_NAME = AppIcon;
				CODE_SIGN_STYLE = Automatic;
				DEVELOPMENT_TEAM = ZTKDN6CBZT;
				INFOPLIST_FILE = "Marvel comics/Info.plist";
				LD_RUNPATH_SEARCH_PATHS = (
					"$(inherited)",
					"@executable_path/Frameworks",
				);
				PRODUCT_BUNDLE_IDENTIFIER = "com.vezeeta.Marvel-comics";
				PRODUCT_NAME = "$(TARGET_NAME)";
				SWIFT_VERSION = 4.0;
				TARGETED_DEVICE_FAMILY = "1,2";
			};
			name = Debug;
		};
		044DFCD82113A0E100C03FB9 /* Release */ = {
			isa = XCBuildConfiguration;
			baseConfigurationReference = 44DDCAEC853462994DC75581 /* Pods-Marvel comics.release.xcconfig */;
			buildSettings = {
				ASSETCATALOG_COMPILER_APPICON_NAME = AppIcon;
				CODE_SIGN_STYLE = Automatic;
				DEVELOPMENT_TEAM = ZTKDN6CBZT;
				INFOPLIST_FILE = "Marvel comics/Info.plist";
				LD_RUNPATH_SEARCH_PATHS = (
					"$(inherited)",
					"@executable_path/Frameworks",
				);
				PRODUCT_BUNDLE_IDENTIFIER = "com.vezeeta.Marvel-comics";
				PRODUCT_NAME = "$(TARGET_NAME)";
				SWIFT_VERSION = 4.0;
				TARGETED_DEVICE_FAMILY = "1,2";
			};
			name = Release;
		};
		044DFCDA2113A0E100C03FB9 /* Debug */ = {
			isa = XCBuildConfiguration;
			baseConfigurationReference = 9602BF96D4FC5A0E30D78483 /* Pods-Marvel comicsTests.debug.xcconfig */;
			buildSettings = {
				ALWAYS_EMBED_SWIFT_STANDARD_LIBRARIES = YES;
				BUNDLE_LOADER = "$(TEST_HOST)";
				CODE_SIGN_STYLE = Automatic;
				DEVELOPMENT_TEAM = ZTKDN6CBZT;
				INFOPLIST_FILE = "Marvel comicsTests/Info.plist";
				LD_RUNPATH_SEARCH_PATHS = (
					"$(inherited)",
					"@executable_path/Frameworks",
					"@loader_path/Frameworks",
				);
				PRODUCT_BUNDLE_IDENTIFIER = "com.vezeeta.Marvel-comicsTests";
				PRODUCT_NAME = "$(TARGET_NAME)";
				SWIFT_VERSION = 4.0;
				TARGETED_DEVICE_FAMILY = "1,2";
				TEST_HOST = "$(BUILT_PRODUCTS_DIR)/Marvel comics.app/Marvel comics";
			};
			name = Debug;
		};
		044DFCDB2113A0E100C03FB9 /* Release */ = {
			isa = XCBuildConfiguration;
			baseConfigurationReference = 839D71C0179E83918E90EC73 /* Pods-Marvel comicsTests.release.xcconfig */;
			buildSettings = {
				ALWAYS_EMBED_SWIFT_STANDARD_LIBRARIES = YES;
				BUNDLE_LOADER = "$(TEST_HOST)";
				CODE_SIGN_STYLE = Automatic;
				DEVELOPMENT_TEAM = ZTKDN6CBZT;
				INFOPLIST_FILE = "Marvel comicsTests/Info.plist";
				LD_RUNPATH_SEARCH_PATHS = (
					"$(inherited)",
					"@executable_path/Frameworks",
					"@loader_path/Frameworks",
				);
				PRODUCT_BUNDLE_IDENTIFIER = "com.vezeeta.Marvel-comicsTests";
				PRODUCT_NAME = "$(TARGET_NAME)";
				SWIFT_VERSION = 4.0;
				TARGETED_DEVICE_FAMILY = "1,2";
				TEST_HOST = "$(BUILT_PRODUCTS_DIR)/Marvel comics.app/Marvel comics";
			};
			name = Release;
		};
		044DFCDD2113A0E100C03FB9 /* Debug */ = {
			isa = XCBuildConfiguration;
			baseConfigurationReference = 34756EB8F935D3B905E82682 /* Pods-Marvel comicsUITests.debug.xcconfig */;
			buildSettings = {
				ALWAYS_EMBED_SWIFT_STANDARD_LIBRARIES = YES;
				CODE_SIGN_STYLE = Automatic;
				DEVELOPMENT_TEAM = ZTKDN6CBZT;
				INFOPLIST_FILE = "Marvel comicsUITests/Info.plist";
				LD_RUNPATH_SEARCH_PATHS = (
					"$(inherited)",
					"@executable_path/Frameworks",
					"@loader_path/Frameworks",
				);
				PRODUCT_BUNDLE_IDENTIFIER = "com.vezeeta.Marvel-comicsUITests";
				PRODUCT_NAME = "$(TARGET_NAME)";
				SWIFT_VERSION = 4.0;
				TARGETED_DEVICE_FAMILY = "1,2";
				TEST_TARGET_NAME = "Marvel comics";
			};
			name = Debug;
		};
		044DFCDE2113A0E100C03FB9 /* Release */ = {
			isa = XCBuildConfiguration;
			baseConfigurationReference = 6B27820F5BF649E211EC0117 /* Pods-Marvel comicsUITests.release.xcconfig */;
			buildSettings = {
				ALWAYS_EMBED_SWIFT_STANDARD_LIBRARIES = YES;
				CODE_SIGN_STYLE = Automatic;
				DEVELOPMENT_TEAM = ZTKDN6CBZT;
				INFOPLIST_FILE = "Marvel comicsUITests/Info.plist";
				LD_RUNPATH_SEARCH_PATHS = (
					"$(inherited)",
					"@executable_path/Frameworks",
					"@loader_path/Frameworks",
				);
				PRODUCT_BUNDLE_IDENTIFIER = "com.vezeeta.Marvel-comicsUITests";
				PRODUCT_NAME = "$(TARGET_NAME)";
				SWIFT_VERSION = 4.0;
				TARGETED_DEVICE_FAMILY = "1,2";
				TEST_TARGET_NAME = "Marvel comics";
			};
			name = Release;
		};
/* End XCBuildConfiguration section */

/* Begin XCConfigurationList section */
		044DFCA92113A0DF00C03FB9 /* Build configuration list for PBXProject "Marvel comics" */ = {
			isa = XCConfigurationList;
			buildConfigurations = (
				044DFCD42113A0E100C03FB9 /* Debug */,
				044DFCD52113A0E100C03FB9 /* Release */,
			);
			defaultConfigurationIsVisible = 0;
			defaultConfigurationName = Release;
		};
		044DFCD62113A0E100C03FB9 /* Build configuration list for PBXNativeTarget "Marvel comics" */ = {
			isa = XCConfigurationList;
			buildConfigurations = (
				044DFCD72113A0E100C03FB9 /* Debug */,
				044DFCD82113A0E100C03FB9 /* Release */,
			);
			defaultConfigurationIsVisible = 0;
			defaultConfigurationName = Release;
		};
		044DFCD92113A0E100C03FB9 /* Build configuration list for PBXNativeTarget "Marvel comicsTests" */ = {
			isa = XCConfigurationList;
			buildConfigurations = (
				044DFCDA2113A0E100C03FB9 /* Debug */,
				044DFCDB2113A0E100C03FB9 /* Release */,
			);
			defaultConfigurationIsVisible = 0;
			defaultConfigurationName = Release;
		};
		044DFCDC2113A0E100C03FB9 /* Build configuration list for PBXNativeTarget "Marvel comicsUITests" */ = {
			isa = XCConfigurationList;
			buildConfigurations = (
				044DFCDD2113A0E100C03FB9 /* Debug */,
				044DFCDE2113A0E100C03FB9 /* Release */,
			);
			defaultConfigurationIsVisible = 0;
			defaultConfigurationName = Release;
		};
/* End XCConfigurationList section */
	};
	rootObject = 044DFCA62113A0DF00C03FB9 /* Project object */;
}
